{
  "name": "TaskManagement",
  "lockfileVersion": 3,
  "requires": true,
  "packages": {
    "": {
      "devDependencies": {
        "svelte-search": "^2.1.0"
      }
    },
    "node_modules/svelte-search": {
      "version": "2.1.0",
      "resolved": "https://registry.npmjs.org/svelte-search/-/svelte-search-2.1.0.tgz",
      "integrity": "sha512-3FLIzc6Ok7TTfDmNFsig9KMGRzpGSxUMZd3Sc5sxJlG0XfPpXOSlj4vE+3rXw2NdUfSWGt1K4t7xlvG1kun65g==",
      "dev": true,
      "license": "MIT"
    }
  }
}
